// !$*UTF8*$!
{
	archiveVersion = 1;
	classes = {
	};
	objectVersion = 56;
	objects = {

/* Begin PBXBuildFile section */
		CA2000000000000000000023 /* YearProgressApp.swift in Sources */ = {isa = PBXBuildFile; fileRef = CA2000000000000000000012 /* YearProgressApp.swift */; };
		CA2000000000000000000024 /* AppDelegate.swift in Sources */ = {isa = PBXBuildFile; fileRef = CA2000000000000000000013 /* AppDelegate.swift */; };
		CA2000000000000000000025 /* MenuBarController.swift in Sources */ = {isa = PBXBuildFile; fileRef = CA2000000000000000000014 /* MenuBarController.swift */; };
		CA2000000000000000000026 /* MenuBarFormat.swift in Sources */ = {isa = PBXBuildFile; fileRef = CA2000000000000000000015 /* MenuBarFormat.swift */; };
		CA2000000000000000000027 /* PopoverContent.swift in Sources */ = {isa = PBXBuildFile; fileRef = CA2000000000000000000016 /* PopoverContent.swift */; };
		CA2000000000000000000028 /* CalendarAccess.swift in Sources */ = {isa = PBXBuildFile; fileRef = CA2000000000000000000017 /* CalendarAccess.swift */; };
		CA2000000000000000000029 /* BirthDatePicker.swift in Sources */ = {isa = PBXBuildFile; fileRef = CA2000000000000000000018 /* BirthDatePicker.swift */; };
		CA2000000000000000000030 /* ColorControls.swift in Sources */ = {isa = PBXBuildFile; fileRef = CA2000000000000000000019 /* ColorControls.swift */; };
		CA2000000000000000000031 /* ContentView.swift in Sources */ = {isa = PBXBuildFile; fileRef = CA2000000000000000000020 /* ContentView.swift */; };
		CA2000000000000000000032 /* YearProgressWidget.swift in Sources */ = {isa = PBXBuildFile; fileRef = CA2000000000000000000021 /* YearProgressWidget.swift */; };
		CA2000000000000000000033 /* YearProgressWidgetBundle.swift in Sources */ = {isa = PBXBuildFile; fileRef = CA2000000000000000000022 /* YearProgressWidgetBundle.swift */; };
		CA2000000000000000000034 /* Then.swift in Sources */ = {isa = PBXBuildFile; fileRef = CA2000000000000000000001 /* Then.swift */; };
		CA2000000000000000000035 /* Then.swift in Sources */ = {isa = PBXBuildFile; fileRef = CA2000000000000000000001 /* Then.swift */; };
		CA2000000000000000000036 /* Localization.swift in Sources */ = {isa = PBXBuildFile; fileRef = CA2000000000000000000002 /* Localization.swift */; };
		CA2000000000000000000037 /* Localization.swift in Sources */ = {isa = PBXBuildFile; fileRef = CA2000000000000000000002 /* Localization.swift */; };
		CA2000000000000000000038 /* Color+Theme.swift in Sources */ = {isa = PBXBuildFile; fileRef = CA2000000000000000000003 /* Color+Theme.swift */; };
		CA2000000000000000000039 /* Color+Theme.swift in Sources */ = {isa = PBXBuildFile; fileRef = CA2000000000000000000003 /* Color+Theme.swift */; };
		CA2000000000000000000040 /* YearMath.swift in Sources */ = {isa = PBXBuildFile; fileRef = CA2000000000000000000004 /* YearMath.swift */; };
		CA2000000000000000000041 /* YearMath.swift in Sources */ = {isa = PBXBuildFile; fileRef = CA2000000000000000000004 /* YearMath.swift */; };
		CA2000000000000000000042 /* ProgressModel.swift in Sources */ = {isa = PBXBuildFile; fileRef = CA2000000000000000000005 /* ProgressModel.swift */; };
		CA2000000000000000000043 /* ProgressModel.swift in Sources */ = {isa = PBXBuildFile; fileRef = CA2000000000000000000005 /* ProgressModel.swift */; };
		CA2000000000000000000044 /* SettingsStore.swift in Sources */ = {isa = PBXBuildFile; fileRef = CA2000000000000000000006 /* SettingsStore.swift */; };
		CA2000000000000000000045 /* SettingsStore.swift in Sources */ = {isa = PBXBuildFile; fileRef = CA2000000000000000000006 /* SettingsStore.swift */; };
		CA2000000000000000000046 /* DotGridView.swift in Sources */ = {isa = PBXBuildFile; fileRef = CA2000000000000000000007 /* DotGridView.swift */; };
		CA2000000000000000000047 /* DotGridView.swift in Sources */ = {isa = PBXBuildFile; fileRef = CA2000000000000000000007 /* DotGridView.swift */; };
		CA2000000000000000000048 /* MiniMonthView.swift in Sources */ = {isa = PBXBuildFile; fileRef = CA2000000000000000000008 /* MiniMonthView.swift */; };
		CA2000000000000000000049 /* MiniMonthView.swift in Sources */ = {isa = PBXBuildFile; fileRef = CA2000000000000000000008 /* MiniMonthView.swift */; };
		CA2000000000000000000050 /* MonthOverviewGrid.swift in Sources */ = {isa = PBXBuildFile; fileRef = CA2000000000000000000009 /* MonthOverviewGrid.swift */; };
		CA2000000000000000000051 /* MonthOverviewGrid.swift in Sources */ = {isa = PBXBuildFile; fileRef = CA2000000000000000000009 /* MonthOverviewGrid.swift */; };
		CA2000000000000000000052 /* RingGraphView.swift in Sources */ = {isa = PBXBuildFile; fileRef = CA2000000000000000000010 /* RingGraphView.swift */; };
		CA2000000000000000000053 /* RingGraphView.swift in Sources */ = {isa = PBXBuildFile; fileRef = CA2000000000000000000010 /* RingGraphView.swift */; };
		CA2000000000000000000054 /* SingleMonthView.swift in Sources */ = {isa = PBXBuildFile; fileRef = CA2000000000000000000011 /* SingleMonthView.swift */; };
		CA2000000000000000000055 /* SingleMonthView.swift in Sources */ = {isa = PBXBuildFile; fileRef = CA2000000000000000000011 /* SingleMonthView.swift */; };
		AB10000000000000000000E4 /* Assets.xcassets in Resources */ = {isa = PBXBuildFile; fileRef = AB10000000000000000000D4 /* Assets.xcassets */; };
		AB10000000000000000000E9 /* YearProgressWidgetExtension.appex in Embed Foundation Extensions */ = {isa = PBXBuildFile; fileRef = AB10000000000000000000C2 /* YearProgressWidgetExtension.appex */; settings = {ATTRIBUTES = (RemoveHeadersOnCopy, ); }; };
/* End PBXBuildFile section */

/* Begin PBXContainerItemProxy section */
		AB10000000000000000000122 /* PBXContainerItemProxy */ = {
			isa = PBXContainerItemProxy;
			containerPortal = AB10000000000000000000A1 /* Project object */;
			proxyType = 1;
			remoteGlobalIDString = AB10000000000000000000B2;
			remoteInfo = YearProgressWidgetExtension;
		};
/* End PBXContainerItemProxy section */

/* Begin PBXCopyFilesBuildPhase section */
		AB10000000000000000000F4 /* Embed Foundation Extensions */ = {
			isa = PBXCopyFilesBuildPhase;
			buildActionMask = 2147483647;
			dstPath = "";
			dstSubfolderSpec = 13;
			files = (
				AB10000000000000000000E9 /* YearProgressWidgetExtension.appex in Embed Foundation Extensions */,
			);
			name = "Embed Foundation Extensions";
			runOnlyForDeploymentPostprocessing = 0;
		};
/* End PBXCopyFilesBuildPhase section */

/* Begin PBXFileReference section */
		CA2000000000000000000001 /* Then.swift */ = {isa = PBXFileReference; lastKnownFileType = sourcecode.swift; path = "Then.swift"; sourceTree = "<group>"; };
		CA2000000000000000000002 /* Localization.swift */ = {isa = PBXFileReference; lastKnownFileType = sourcecode.swift; path = "Localization.swift"; sourceTree = "<group>"; };
		CA2000000000000000000003 /* Color+Theme.swift */ = {isa = PBXFileReference; lastKnownFileType = sourcecode.swift; path = "Color+Theme.swift"; sourceTree = "<group>"; };
		CA2000000000000000000004 /* YearMath.swift */ = {isa = PBXFileReference; lastKnownFileType = sourcecode.swift; path = "YearMath.swift"; sourceTree = "<group>"; };
		CA2000000000000000000005 /* ProgressModel.swift */ = {isa = PBXFileReference; lastKnownFileType = sourcecode.swift; path = "ProgressModel.swift"; sourceTree = "<group>"; };
		CA2000000000000000000006 /* SettingsStore.swift */ = {isa = PBXFileReference; lastKnownFileType = sourcecode.swift; path = "SettingsStore.swift"; sourceTree = "<group>"; };
		CA2000000000000000000007 /* DotGridView.swift */ = {isa = PBXFileReference; lastKnownFileType = sourcecode.swift; path = "DotGridView.swift"; sourceTree = "<group>"; };
		CA2000000000000000000008 /* MiniMonthView.swift */ = {isa = PBXFileReference; lastKnownFileType = sourcecode.swift; path = "MiniMonthView.swift"; sourceTree = "<group>"; };
		CA2000000000000000000009 /* MonthOverviewGrid.swift */ = {isa = PBXFileReference; lastKnownFileType = sourcecode.swift; path = "MonthOverviewGrid.swift"; sourceTree = "<group>"; };
		CA2000000000000000000010 /* RingGraphView.swift */ = {isa = PBXFileReference; lastKnownFileType = sourcecode.swift; path = "RingGraphView.swift"; sourceTree = "<group>"; };
		CA2000000000000000000011 /* SingleMonthView.swift */ = {isa = PBXFileReference; lastKnownFileType = sourcecode.swift; path = "SingleMonthView.swift"; sourceTree = "<group>"; };
		CA2000000000000000000012 /* YearProgressApp.swift */ = {isa = PBXFileReference; lastKnownFileType = sourcecode.swift; path = "YearProgressApp.swift"; sourceTree = "<group>"; };
		CA2000000000000000000013 /* AppDelegate.swift */ = {isa = PBXFileReference; lastKnownFileType = sourcecode.swift; path = "AppDelegate.swift"; sourceTree = "<group>"; };
		CA2000000000000000000014 /* MenuBarController.swift */ = {isa = PBXFileReference; lastKnownFileType = sourcecode.swift; path = "MenuBarController.swift"; sourceTree = "<group>"; };
		CA2000000000000000000015 /* MenuBarFormat.swift */ = {isa = PBXFileReference; lastKnownFileType = sourcecode.swift; path = "MenuBarFormat.swift"; sourceTree = "<group>"; };
		CA2000000000000000000016 /* PopoverContent.swift */ = {isa = PBXFileReference; lastKnownFileType = sourcecode.swift; path = "PopoverContent.swift"; sourceTree = "<group>"; };
		CA2000000000000000000017 /* CalendarAccess.swift */ = {isa = PBXFileReference; lastKnownFileType = sourcecode.swift; path = "CalendarAccess.swift"; sourceTree = "<group>"; };
		CA2000000000000000000018 /* BirthDatePicker.swift */ = {isa = PBXFileReference; lastKnownFileType = sourcecode.swift; path = "BirthDatePicker.swift"; sourceTree = "<group>"; };
		CA2000000000000000000019 /* ColorControls.swift */ = {isa = PBXFileReference; lastKnownFileType = sourcecode.swift; path = "ColorControls.swift"; sourceTree = "<group>"; };
		CA2000000000000000000020 /* ContentView.swift */ = {isa = PBXFileReference; lastKnownFileType = sourcecode.swift; path = "ContentView.swift"; sourceTree = "<group>"; };
		CA2000000000000000000021 /* YearProgressWidget.swift */ = {isa = PBXFileReference; lastKnownFileType = sourcecode.swift; path = "YearProgressWidget.swift"; sourceTree = "<group>"; };
		CA2000000000000000000022 /* YearProgressWidgetBundle.swift */ = {isa = PBXFileReference; lastKnownFileType = sourcecode.swift; path = "YearProgressWidgetBundle.swift"; sourceTree = "<group>"; };
		AB10000000000000000000C1 /* YearProgress.app */ = {isa = PBXFileReference; explicitFileType = wrapper.application; includeInIndex = 0; path = YearProgress.app; sourceTree = BUILT_PRODUCTS_DIR; };
		AB10000000000000000000C2 /* YearProgressWidgetExtension.appex */ = {isa = PBXFileReference; explicitFileType = "wrapper.app-extension"; includeInIndex = 0; path = YearProgressWidgetExtension.appex; sourceTree = BUILT_PRODUCTS_DIR; };
		AB10000000000000000000D4 /* Assets.xcassets */ = {isa = PBXFileReference; lastKnownFileType = folder.assetcatalog; path = Assets.xcassets; sourceTree = "<group>"; };
		AB10000000000000000000D8 /* Info.plist */ = {isa = PBXFileReference; lastKnownFileType = text.plist.xml; path = Info.plist; sourceTree = "<group>"; };
		AB10000000000000000000D9 /* YearProgress.entitlements */ = {isa = PBXFileReference; lastKnownFileType = text.plist.entitlements; path = YearProgress.entitlements; sourceTree = "<group>"; };
		AB10000000000000000000DA /* YearProgressWidget.entitlements */ = {isa = PBXFileReference; lastKnownFileType = text.plist.entitlements; path = YearProgressWidget.entitlements; sourceTree = "<group>"; };
/* End PBXFileReference section */

/* Begin PBXFrameworksBuildPhase section */
		AB10000000000000000000F2 /* Frameworks */ = {
			isa = PBXFrameworksBuildPhase;
			buildActionMask = 2147483647;
			files = (
			);
			runOnlyForDeploymentPostprocessing = 0;
		};
		AB10000000000000000000F6 /* Frameworks */ = {
			isa = PBXFrameworksBuildPhase;
			buildActionMask = 2147483647;
			files = (
			);
			runOnlyForDeploymentPostprocessing = 0;
		};
/* End PBXFrameworksBuildPhase section */

/* Begin PBXGroup section */
		AB10000000000000000000A2 = {
			isa = PBXGroup;
			children = (
				AB10000000000000000000A4 /* Shared */,
				AB10000000000000000000A5 /* YearProgress */,
				AB10000000000000000000A6 /* YearProgressWidget */,
				AB10000000000000000000A3 /* Products */,
			);
			sourceTree = "<group>";
		};
		AB10000000000000000000A3 /* Products */ = {
			isa = PBXGroup;
			children = (
				AB10000000000000000000C1 /* YearProgress.app */,
				AB10000000000000000000C2 /* YearProgressWidgetExtension.appex */,
			);
			name = Products;
			sourceTree = "<group>";
		};
		AB10000000000000000000A4 /* Shared */ = {
			isa = PBXGroup;
			children = (
				CA2000000000000000000001 /* Then.swift */,
				CA2000000000000000000002 /* Localization.swift */,
				CA2000000000000000000003 /* Color+Theme.swift */,
				CA2000000000000000000004 /* YearMath.swift */,
				CA2000000000000000000005 /* ProgressModel.swift */,
				CA2000000000000000000006 /* SettingsStore.swift */,
				CA2000000000000000000007 /* DotGridView.swift */,
				CA2000000000000000000008 /* MiniMonthView.swift */,
				CA2000000000000000000009 /* MonthOverviewGrid.swift */,
				CA2000000000000000000010 /* RingGraphView.swift */,
				CA2000000000000000000011 /* SingleMonthView.swift */,
			);
			path = Shared;
			sourceTree = "<group>";
		};
		AB10000000000000000000A5 /* YearProgress */ = {
			isa = PBXGroup;
			children = (
				CA2000000000000000000012 /* YearProgressApp.swift */,
				CA2000000000000000000013 /* AppDelegate.swift */,
				CA2000000000000000000014 /* MenuBarController.swift */,
				CA2000000000000000000015 /* MenuBarFormat.swift */,
				CA2000000000000000000016 /* PopoverContent.swift */,
				CA2000000000000000000017 /* CalendarAccess.swift */,
				CA2000000000000000000018 /* BirthDatePicker.swift */,
				CA2000000000000000000019 /* ColorControls.swift */,
				CA2000000000000000000020 /* ContentView.swift */,
				AB10000000000000000000D4 /* Assets.xcassets */,
				AB10000000000000000000D9 /* YearProgress.entitlements */,
			);
			path = YearProgress;
			sourceTree = "<group>";
		};
		AB10000000000000000000A6 /* YearProgressWidget */ = {
			isa = PBXGroup;
			children = (
				CA2000000000000000000021 /* YearProgressWidget.swift */,
				CA2000000000000000000022 /* YearProgressWidgetBundle.swift */,
				AB10000000000000000000D8 /* Info.plist */,
				AB10000000000000000000DA /* YearProgressWidget.entitlements */,
			);
			path = YearProgressWidget;
			sourceTree = "<group>";
		};
/* End PBXGroup section */

/* Begin PBXNativeTarget section */
		AB10000000000000000000B1 /* YearProgress */ = {
			isa = PBXNativeTarget;
			buildConfigurationList = AB10000000000000000000102 /* Build configuration list for PBXNativeTarget "YearProgress" */;
			buildPhases = (
				AB10000000000000000000F1 /* Sources */,
				AB10000000000000000000F2 /* Frameworks */,
				AB10000000000000000000F3 /* Resources */,
				AB10000000000000000000F4 /* Embed Foundation Extensions */,
			);
			buildRules = (
			);
			dependencies = (
				AB10000000000000000000121 /* PBXTargetDependency */,
			);
			name = YearProgress;
			productName = YearProgress;
			productReference = AB10000000000000000000C1 /* YearProgress.app */;
			productType = "com.apple.product-type.application";
		};
		AB10000000000000000000B2 /* YearProgressWidgetExtension */ = {
			isa = PBXNativeTarget;
			buildConfigurationList = AB10000000000000000000103 /* Build configuration list for PBXNativeTarget "YearProgressWidgetExtension" */;
			buildPhases = (
				AB10000000000000000000F5 /* Sources */,
				AB10000000000000000000F6 /* Frameworks */,
				AB10000000000000000000F7 /* Resources */,
			);
			buildRules = (
			);
			dependencies = (
			);
			name = YearProgressWidgetExtension;
			productName = YearProgressWidgetExtension;
			productReference = AB10000000000000000000C2 /* YearProgressWidgetExtension.appex */;
			productType = "com.apple.product-type.app-extension";
		};
/* End PBXNativeTarget section */

/* Begin PBXProject section */
		AB10000000000000000000A1 /* Project object */ = {
			isa = PBXProject;
			attributes = {
				BuildIndependentTargetsInParallel = 1;
				LastSwiftUpdateCheck = 1600;
				LastUpgradeCheck = 1600;
				TargetAttributes = {
					AB10000000000000000000B1 = {
						CreatedOnToolsVersion = 16.0;
					};
					AB10000000000000000000B2 = {
						CreatedOnToolsVersion = 16.0;
					};
				};
			};
			buildConfigurationList = AB10000000000000000000101 /* Build configuration list for PBXProject "YearProgress" */;
			compatibilityVersion = "Xcode 15.0";
			developmentRegion = en;
			hasScannedForEncodings = 0;
			knownRegions = (
				en,
				Base,
			);
			mainGroup = AB10000000000000000000A2;
			productRefGroup = AB10000000000000000000A3 /* Products */;
			projectDirPath = "";
			projectRoot = "";
			targets = (
				AB10000000000000000000B1 /* YearProgress */,
				AB10000000000000000000B2 /* YearProgressWidgetExtension */,
			);
		};
/* End PBXProject section */

/* Begin PBXResourcesBuildPhase section */
		AB10000000000000000000F3 /* Resources */ = {
			isa = PBXResourcesBuildPhase;
			buildActionMask = 2147483647;
			files = (
				AB10000000000000000000E4 /* Assets.xcassets in Resources */,
			);
			runOnlyForDeploymentPostprocessing = 0;
		};
		AB10000000000000000000F7 /* Resources */ = {
			isa = PBXResourcesBuildPhase;
			buildActionMask = 2147483647;
			files = (
			);
			runOnlyForDeploymentPostprocessing = 0;
		};
/* End PBXResourcesBuildPhase section */

/* Begin PBXSourcesBuildPhase section */
		AB10000000000000000000F1 /* Sources */ = {
			isa = PBXSourcesBuildPhase;
			buildActionMask = 2147483647;
			files = (
				CA2000000000000000000023 /* YearProgressApp.swift in Sources */,
				CA2000000000000000000024 /* AppDelegate.swift in Sources */,
				CA2000000000000000000025 /* MenuBarController.swift in Sources */,
				CA2000000000000000000026 /* MenuBarFormat.swift in Sources */,
				CA2000000000000000000027 /* PopoverContent.swift in Sources */,
				CA2000000000000000000028 /* CalendarAccess.swift in Sources */,
				CA2000000000000000000029 /* BirthDatePicker.swift in Sources */,
				CA2000000000000000000030 /* ColorControls.swift in Sources */,
				CA2000000000000000000031 /* ContentView.swift in Sources */,
				CA2000000000000000000034 /* Then.swift in Sources */,
				CA2000000000000000000036 /* Localization.swift in Sources */,
				CA2000000000000000000038 /* Color+Theme.swift in Sources */,
				CA2000000000000000000040 /* YearMath.swift in Sources */,
				CA2000000000000000000042 /* ProgressModel.swift in Sources */,
				CA2000000000000000000044 /* SettingsStore.swift in Sources */,
				CA2000000000000000000046 /* DotGridView.swift in Sources */,
				CA2000000000000000000048 /* MiniMonthView.swift in Sources */,
				CA2000000000000000000050 /* MonthOverviewGrid.swift in Sources */,
				CA2000000000000000000052 /* RingGraphView.swift in Sources */,
				CA2000000000000000000054 /* SingleMonthView.swift in Sources */,
			);
			runOnlyForDeploymentPostprocessing = 0;
		};
		AB10000000000000000000F5 /* Sources */ = {
			isa = PBXSourcesBuildPhase;
			buildActionMask = 2147483647;
			files = (
				CA2000000000000000000032 /* YearProgressWidget.swift in Sources */,
				CA2000000000000000000033 /* YearProgressWidgetBundle.swift in Sources */,
				CA2000000000000000000035 /* Then.swift in Sources */,
				CA2000000000000000000037 /* Localization.swift in Sources */,
				CA2000000000000000000039 /* Color+Theme.swift in Sources */,
				CA2000000000000000000041 /* YearMath.swift in Sources */,
				CA2000000000000000000043 /* ProgressModel.swift in Sources */,
				CA2000000000000000000045 /* SettingsStore.swift in Sources */,
				CA2000000000000000000047 /* DotGridView.swift in Sources */,
				CA2000000000000000000049 /* MiniMonthView.swift in Sources */,
				CA2000000000000000000051 /* MonthOverviewGrid.swift in Sources */,
				CA2000000000000000000053 /* RingGraphView.swift in Sources */,
				CA2000000000000000000055 /* SingleMonthView.swift in Sources */,
			);
			runOnlyForDeploymentPostprocessing = 0;
		};
/* End PBXSourcesBuildPhase section */

/* Begin PBXTargetDependency section */
		AB10000000000000000000121 /* PBXTargetDependency */ = {
			isa = PBXTargetDependency;
			target = AB10000000000000000000B2 /* YearProgressWidgetExtension */;
			targetProxy = AB10000000000000000000122 /* PBXContainerItemProxy */;
		};
/* End PBXTargetDependency section */

/* Begin XCBuildConfiguration section */
		AB10000000000000000000111 /* Debug */ = {
			isa = XCBuildConfiguration;
			buildSettings = {
				ALWAYS_SEARCH_USER_PATHS = NO;
				ASSETCATALOG_COMPILER_GENERATE_SWIFT_ASSET_SYMBOL_EXTENSIONS = YES;
				CLANG_ANALYZER_NONNULL = YES;
				CLANG_ANALYZER_NUMBER_OBJECT_CONVERSION = YES_AGGRESSIVE;
				CLANG_ENABLE_MODULES = YES;
				CLANG_ENABLE_OBJC_ARC = YES;
				CLANG_ENABLE_OBJC_WEAK = YES;
				CLANG_WARN_BOOL_CONVERSION = YES;
				CLANG_WARN_DOCUMENTATION_COMMENTS = YES;
				CLANG_WARN_EMPTY_BODY = YES;
				CLANG_WARN_OBJC_LITERAL_CONVERSION = YES;
				COPY_PHASE_STRIP = NO;
				DEBUG_INFORMATION_FORMAT = dwarf;
				ENABLE_STRICT_OBJC_MSGSEND = YES;
				ENABLE_TESTABILITY = YES;
				ENABLE_USER_SCRIPT_SANDBOXING = YES;
				GCC_C_LANGUAGE_STANDARD = gnu17;
				GCC_DYNAMIC_NO_PIC = NO;
				GCC_NO_COMMON_BLOCKS = YES;
				GCC_OPTIMIZATION_LEVEL = 0;
				GCC_PREPROCESSOR_DEFINITIONS = (
					"DEBUG=1",
					"$(inherited)",
				);
				GCC_WARN_64_TO_32_BIT_CONVERSION = YES;
				GCC_WARN_ABOUT_RETURN_TYPE = YES_ERROR;
				GCC_WARN_UNINITIALIZED_AUTOS = YES_AGGRESSIVE;
				GCC_WARN_UNUSED_FUNCTION = YES;
				GCC_WARN_UNUSED_VARIABLE = YES;
				LOCALIZATION_PREFERS_STRING_CATALOGS = YES;
				MACOSX_DEPLOYMENT_TARGET = 14.0;
				MTL_ENABLE_DEBUG_INFO = INCLUDE_SOURCE;
				MTL_FAST_MATH = YES;
				ONLY_ACTIVE_ARCH = YES;
				SDKROOT = macosx;
				SWIFT_ACTIVE_COMPILATION_CONDITIONS = "DEBUG $(inherited)";
				SWIFT_OPTIMIZATION_LEVEL = "-Onone";
			};
			name = Debug;
		};
		AB10000000000000000000112 /* Release */ = {
			isa = XCBuildConfiguration;
			buildSettings = {
				ALWAYS_SEARCH_USER_PATHS = NO;
				ASSETCATALOG_COMPILER_GENERATE_SWIFT_ASSET_SYMBOL_EXTENSIONS = YES;
				CLANG_ANALYZER_NONNULL = YES;
				CLANG_ANALYZER_NUMBER_OBJECT_CONVERSION = YES_AGGRESSIVE;
				CLANG_ENABLE_MODULES = YES;
				CLANG_ENABLE_OBJC_ARC = YES;
				CLANG_ENABLE_OBJC_WEAK = YES;
				CLANG_WARN_BOOL_CONVERSION = YES;
				CLANG_WARN_DOCUMENTATION_COMMENTS = YES;
				CLANG_WARN_EMPTY_BODY = YES;
				CLANG_WARN_OBJC_LITERAL_CONVERSION = YES;
				COPY_PHASE_STRIP = NO;
				DEBUG_INFORMATION_FORMAT = "dwarf-with-dsym";
				ENABLE_NS_ASSERTIONS = NO;
				ENABLE_STRICT_OBJC_MSGSEND = YES;
				ENABLE_USER_SCRIPT_SANDBOXING = YES;
				GCC_C_LANGUAGE_STANDARD = gnu17;
				GCC_NO_COMMON_BLOCKS = YES;
				GCC_WARN_64_TO_32_BIT_CONVERSION = YES;
				GCC_WARN_ABOUT_RETURN_TYPE = YES_ERROR;
				GCC_WARN_UNINITIALIZED_AUTOS = YES_AGGRESSIVE;
				GCC_WARN_UNUSED_FUNCTION = YES;
				GCC_WARN_UNUSED_VARIABLE = YES;
				LOCALIZATION_PREFERS_STRING_CATALOGS = YES;
				MACOSX_DEPLOYMENT_TARGET = 14.0;
				MTL_ENABLE_DEBUG_INFO = NO;
				MTL_FAST_MATH = YES;
				SDKROOT = macosx;
				SWIFT_COMPILATION_MODE = wholemodule;
			};
			name = Release;
		};
		AB10000000000000000000113 /* Debug */ = {
			isa = XCBuildConfiguration;
			buildSettings = {
				ASSETCATALOG_COMPILER_APPICON_NAME = AppIcon;
				ASSETCATALOG_COMPILER_GLOBAL_ACCENT_COLOR_NAME = AccentColor;
				CODE_SIGN_ENTITLEMENTS = YearProgress/YearProgress.entitlements;
				CODE_SIGN_STYLE = Automatic;
				COMBINE_HIDPI_IMAGES = YES;
				CURRENT_PROJECT_VERSION = 1;
				ENABLE_HARDENED_RUNTIME = YES;
				ENABLE_PREVIEWS = YES;
				GENERATE_INFOPLIST_FILE = YES;
				INFOPLIST_KEY_LSApplicationCategoryType = "public.app-category.utilities";
				INFOPLIST_KEY_NSCalendarsFullAccessUsageDescription = "이벤트까지 남은 일수를 표시하기 위해 캘린더 접근이 필요합니다.";
				INFOPLIST_KEY_NSHumanReadableCopyright = "";
				LD_RUNPATH_SEARCH_PATHS = (
					"$(inherited)",
					"@executable_path/../Frameworks",
				);
				MARKETING_VERSION = 1.0;
				PRODUCT_BUNDLE_IDENTIFIER = com.ensnif.YearProgress;
				PRODUCT_NAME = "$(TARGET_NAME)";
				SWIFT_EMIT_LOC_STRINGS = YES;
				SWIFT_VERSION = 5.0;
			};
			name = Debug;
		};
		AB10000000000000000000114 /* Release */ = {
			isa = XCBuildConfiguration;
			buildSettings = {
				ASSETCATALOG_COMPILER_APPICON_NAME = AppIcon;
				ASSETCATALOG_COMPILER_GLOBAL_ACCENT_COLOR_NAME = AccentColor;
				CODE_SIGN_ENTITLEMENTS = YearProgress/YearProgress.entitlements;
				CODE_SIGN_STYLE = Automatic;
				COMBINE_HIDPI_IMAGES = YES;
				CURRENT_PROJECT_VERSION = 1;
				ENABLE_HARDENED_RUNTIME = YES;
				ENABLE_PREVIEWS = YES;
				GENERATE_INFOPLIST_FILE = YES;
				INFOPLIST_KEY_LSApplicationCategoryType = "public.app-category.utilities";
				INFOPLIST_KEY_NSCalendarsFullAccessUsageDescription = "이벤트까지 남은 일수를 표시하기 위해 캘린더 접근이 필요합니다.";
				INFOPLIST_KEY_NSHumanReadableCopyright = "";
				LD_RUNPATH_SEARCH_PATHS = (
					"$(inherited)",
					"@executable_path/../Frameworks",
				);
				MARKETING_VERSION = 1.0;
				PRODUCT_BUNDLE_IDENTIFIER = com.ensnif.YearProgress;
				PRODUCT_NAME = "$(TARGET_NAME)";
				SWIFT_EMIT_LOC_STRINGS = YES;
				SWIFT_VERSION = 5.0;
			};
			name = Release;
		};
		AB10000000000000000000115 /* Debug */ = {
			isa = XCBuildConfiguration;
			buildSettings = {
				CODE_SIGN_ENTITLEMENTS = YearProgressWidget/YearProgressWidget.entitlements;
				CODE_SIGN_STYLE = Automatic;
				CURRENT_PROJECT_VERSION = 1;
				ENABLE_HARDENED_RUNTIME = YES;
				GENERATE_INFOPLIST_FILE = YES;
				INFOPLIST_FILE = YearProgressWidget/Info.plist;
				INFOPLIST_KEY_CFBundleDisplayName = "올해 진행률";
				INFOPLIST_KEY_NSHumanReadableCopyright = "";
				LD_RUNPATH_SEARCH_PATHS = (
					"$(inherited)",
					"@executable_path/../Frameworks",
					"@executable_path/../../../../Frameworks",
				);
				MARKETING_VERSION = 1.0;
				PRODUCT_BUNDLE_IDENTIFIER = com.ensnif.YearProgress.YearProgressWidget;
				PRODUCT_NAME = "$(TARGET_NAME)";
				SKIP_INSTALL = YES;
				SWIFT_EMIT_LOC_STRINGS = YES;
				SWIFT_VERSION = 5.0;
			};
			name = Debug;
		};
		AB10000000000000000000116 /* Release */ = {
			isa = XCBuildConfiguration;
			buildSettings = {
				CODE_SIGN_ENTITLEMENTS = YearProgressWidget/YearProgressWidget.entitlements;
				CODE_SIGN_STYLE = Automatic;
				CURRENT_PROJECT_VERSION = 1;
				ENABLE_HARDENED_RUNTIME = YES;
				GENERATE_INFOPLIST_FILE = YES;
				INFOPLIST_FILE = YearProgressWidget/Info.plist;
				INFOPLIST_KEY_CFBundleDisplayName = "올해 진행률";
				INFOPLIST_KEY_NSHumanReadableCopyright = "";
				LD_RUNPATH_SEARCH_PATHS = (
					"$(inherited)",
					"@executable_path/../Frameworks",
					"@executable_path/../../../../Frameworks",
				);
				MARKETING_VERSION = 1.0;
				PRODUCT_BUNDLE_IDENTIFIER = com.ensnif.YearProgress.YearProgressWidget;
				PRODUCT_NAME = "$(TARGET_NAME)";
				SKIP_INSTALL = YES;
				SWIFT_EMIT_LOC_STRINGS = YES;
				SWIFT_VERSION = 5.0;
			};
			name = Release;
		};
/* End XCBuildConfiguration section */

/* Begin XCConfigurationList section */
		AB10000000000000000000101 /* Build configuration list for PBXProject "YearProgress" */ = {
			isa = XCConfigurationList;
			buildConfigurations = (
				AB10000000000000000000111 /* Debug */,
				AB10000000000000000000112 /* Release */,
			);
			defaultConfigurationIsVisible = 0;
			defaultConfigurationName = Release;
		};
		AB10000000000000000000102 /* Build configuration list for PBXNativeTarget "YearProgress" */ = {
			isa = XCConfigurationList;
			buildConfigurations = (
				AB10000000000000000000113 /* Debug */,
				AB10000000000000000000114 /* Release */,
			);
			defaultConfigurationIsVisible = 0;
			defaultConfigurationName = Release;
		};
		AB10000000000000000000103 /* Build configuration list for PBXNativeTarget "YearProgressWidgetExtension" */ = {
			isa = XCConfigurationList;
			buildConfigurations = (
				AB10000000000000000000115 /* Debug */,
				AB10000000000000000000116 /* Release */,
			);
			defaultConfigurationIsVisible = 0;
			defaultConfigurationName = Release;
		};
/* End XCConfigurationList section */
	};
	rootObject = AB10000000000000000000A1 /* Project object */;
}
